
Microsoft Visual Studio Solution File, Format Version 12.00
# Visual Studio Version 16
VisualStudioVersion = 16.0.32106.194
MinimumVisualStudioVersion = 10.0.40219.1
Project("{FAE04EC0-301F-11D3-BF4B-00C04F79EFBC}") = "CLassLib", "CLassLib.csproj", "{B28CBC49-09F2-4E35-AF72-0C5040ABB978}"
EndProject
Project("{FAE04EC0-301F-11D3-BF4B-00C04F79EFBC}") = "Calculator", "..\..\..\source\repos\Calculator\Calculator.csproj", "{64736B5C-4555-4971-B70E-D8957025F1E4}"
EndProject
Global
	GlobalSection(SolutionConfigurationPlatforms) = preSolution
		Debug|Any CPU = Debug|Any CPU
		Release|Any CPU = Release|Any CPU
	EndGlobalSection
	GlobalSection(ProjectConfigurationPlatforms) = postSolution
		{B28CBC49-09F2-4E35-AF72-0C5040ABB978}.Debug|Any CPU.ActiveCfg = Debug|Any CPU
		{B28CBC49-09F2-4E35-AF72-0C5040ABB978}.Debug|Any CPU.Build.0 = Debug|Any CPU
		{B28CBC49-09F2-4E35-AF72-0C5040ABB978}.Release|Any CPU.ActiveCfg = Release|Any CPU
		{B28CBC49-09F2-4E35-AF72-0C5040ABB978}.Release|Any CPU.Build.0 = Release|Any CPU
		{64736B5C-4555-4971-B70E-D8957025F1E4}.Debug|Any CPU.ActiveCfg = Debug|Any CPU
		{64736B5C-4555-4971-B70E-D8957025F1E4}.Debug|Any CPU.Build.0 = Debug|Any CPU
		{64736B5C-4555-4971-B70E-D8957025F1E4}.Release|Any CPU.ActiveCfg = Release|Any CPU
		{64736B5C-4555-4971-B70E-D8957025F1E4}.Release|Any CPU.Build.0 = Release|Any CPU
	EndGlobalSection
	GlobalSection(SolutionProperties) = preSolution
		HideSolutionNode = FALSE
	EndGlobalSection
	GlobalSection(ExtensibilityGlobals) = postSolution
		SolutionGuid = {F28F2DB7-3116-48F5-87D3-5A45AFBF769C}
	EndGlobalSection
EndGlobal
