
Microsoft Visual Studio Solution File, Format Version 12.00
# Visual Studio Version 16
VisualStudioVersion = 16.0.32106.194
MinimumVisualStudioVersion = 10.0.40219.1
Project("{FAE04EC0-301F-11D3-BF4B-00C04F79EFBC}") = "XMLLib", "XMLLib.csproj", "{CBA29FBA-0650-4817-AD9B-31339DED2883}"
EndProject
Global
	GlobalSection(SolutionConfigurationPlatforms) = preSolution
		Debug|Any CPU = Debug|Any CPU
		Release|Any CPU = Release|Any CPU
	EndGlobalSection
	GlobalSection(ProjectConfigurationPlatforms) = postSolution
		{CBA29FBA-0650-4817-AD9B-31339DED2883}.Debug|Any CPU.ActiveCfg = Debug|Any CPU
		{CBA29FBA-0650-4817-AD9B-31339DED2883}.Debug|Any CPU.Build.0 = Debug|Any CPU
		{CBA29FBA-0650-4817-AD9B-31339DED2883}.Release|Any CPU.ActiveCfg = Release|Any CPU
		{CBA29FBA-0650-4817-AD9B-31339DED2883}.Release|Any CPU.Build.0 = Release|Any CPU
	EndGlobalSection
	GlobalSection(SolutionProperties) = preSolution
		HideSolutionNode = FALSE
	EndGlobalSection
	GlobalSection(ExtensibilityGlobals) = postSolution
		SolutionGuid = {CCB860C7-BC03-401B-A625-7352C3536EA4}
	EndGlobalSection
EndGlobal
